
Microsoft Visual Studio Solution File, Format Version 12.00
# Visual Studio 15
VisualStudioVersion = 15.0.27130.2010
MinimumVisualStudioVersion = 10.0.40219.1
Project("{2150E333-8FDC-42A3-9474-1A3956D46DE8}") = "Library", "Library", "{34782372-17E9-487C-AC2D-3194E90AD5CD}"
EndProject
Project("{D954291E-2A0B-460D-934E-DC6B0785DB48}") = "FAB.Shared", "Library\FloatingActionButton.Shared\FAB.Shared.shproj", "{A00F6278-A080-4987-8E4C-075B2A9A1B86}"
EndProject
Project("{FAE04EC0-301F-11D3-BF4B-00C04F79EFBC}") = "FAB.Droid", "Library\FloatingActionButton.Droid\FAB.Droid.csproj", "{49CE4944-F3EC-4241-9AC2-617F42624CFE}"
EndProject
Project("{FAE04EC0-301F-11D3-BF4B-00C04F79EFBC}") = "FAB.iOS", "Library\FloatingActionButton.iOS\FAB.iOS.csproj", "{0FBA612E-7558-4303-8798-ACBF92A82BA0}"
EndProject
Project("{2150E333-8FDC-42A3-9474-1A3956D46DE8}") = "Sample", "Sample", "{85EBA5F6-C0BD-4757-8F8C-3D268181F5A6}"
EndProject
Project("{FAE04EC0-301F-11D3-BF4B-00C04F79EFBC}") = "FABSample.iOS", "Sample\iOS\FABSample.iOS.csproj", "{694AB4E4-4444-4AB9-ADFF-C37BAB48072E}"
EndProject
Project("{FAE04EC0-301F-11D3-BF4B-00C04F79EFBC}") = "FABSample.Droid", "Sample\Droid\FABSample.Droid.csproj", "{FEB016FC-294D-46AF-BF9D-5C1CD0C45B1D}"
EndProject
Project("{2150E333-8FDC-42A3-9474-1A3956D46DE8}") = ".nuget", ".nuget", "{35E2C1F3-C97D-47E2-8C5A-6D94D9E8F942}"
	ProjectSection(SolutionItems) = preProject
		FloatingActionButton.Forms.nuspec = FloatingActionButton.Forms.nuspec
	EndProjectSection
EndProject
Project("{9A19103F-16F7-4668-BE54-9A1E7A4F7556}") = "FAB.Forms", "Library\FAB.Forms\FAB.Forms.csproj", "{4C0EFC2C-BB4B-44A7-8064-AE8A1D4C1FDA}"
EndProject
Project("{FAE04EC0-301F-11D3-BF4B-00C04F79EFBC}") = "FABSample", "Sample\FABSample\FABSample.csproj", "{BDCEA4E1-84FF-43D2-A757-96A13740E42B}"
EndProject
Global
	GlobalSection(SharedMSBuildProjectFiles) = preSolution
		Library\FloatingActionButton.Shared\FloatingActionButton.Shared.projitems*{0fba612e-7558-4303-8798-acbf92a82ba0}*SharedItemsImports = 4
		Library\FloatingActionButton.Shared\FloatingActionButton.Shared.projitems*{49ce4944-f3ec-4241-9ac2-617f42624cfe}*SharedItemsImports = 4
		Library\FloatingActionButton.Shared\FloatingActionButton.Shared.projitems*{a00f6278-a080-4987-8e4c-075b2a9a1b86}*SharedItemsImports = 13
	EndGlobalSection
	GlobalSection(SolutionConfigurationPlatforms) = preSolution
		Debug|Any CPU = Debug|Any CPU
		Debug|iPhone = Debug|iPhone
		Debug|iPhoneSimulator = Debug|iPhoneSimulator
		nuget|Any CPU = nuget|Any CPU
		nuget|iPhone = nuget|iPhone
		nuget|iPhoneSimulator = nuget|iPhoneSimulator
		Release|Any CPU = Release|Any CPU
		Release|iPhone = Release|iPhone
		Release|iPhoneSimulator = Release|iPhoneSimulator
	EndGlobalSection
	GlobalSection(ProjectConfigurationPlatforms) = postSolution
		{49CE4944-F3EC-4241-9AC2-617F42624CFE}.Debug|Any CPU.ActiveCfg = Debug|Any CPU
		{49CE4944-F3EC-4241-9AC2-617F42624CFE}.Debug|Any CPU.Build.0 = Debug|Any CPU
		{49CE4944-F3EC-4241-9AC2-617F42624CFE}.Debug|iPhone.ActiveCfg = Debug|Any CPU
		{49CE4944-F3EC-4241-9AC2-617F42624CFE}.Debug|iPhoneSimulator.ActiveCfg = Debug|Any CPU
		{49CE4944-F3EC-4241-9AC2-617F42624CFE}.nuget|Any CPU.ActiveCfg = Release|Any CPU
		{49CE4944-F3EC-4241-9AC2-617F42624CFE}.nuget|Any CPU.Build.0 = Release|Any CPU
		{49CE4944-F3EC-4241-9AC2-617F42624CFE}.nuget|iPhone.ActiveCfg = Release|Any CPU
		{49CE4944-F3EC-4241-9AC2-617F42624CFE}.nuget|iPhone.Build.0 = Release|Any CPU
		{49CE4944-F3EC-4241-9AC2-617F42624CFE}.nuget|iPhoneSimulator.ActiveCfg = Release|Any CPU
		{49CE4944-F3EC-4241-9AC2-617F42624CFE}.nuget|iPhoneSimulator.Build.0 = Release|Any CPU
		{49CE4944-F3EC-4241-9AC2-617F42624CFE}.Release|Any CPU.ActiveCfg = Release|Any CPU
		{49CE4944-F3EC-4241-9AC2-617F42624CFE}.Release|Any CPU.Build.0 = Release|Any CPU
		{49CE4944-F3EC-4241-9AC2-617F42624CFE}.Release|iPhone.ActiveCfg = Release|Any CPU
		{49CE4944-F3EC-4241-9AC2-617F42624CFE}.Release|iPhoneSimulator.ActiveCfg = Release|Any CPU
		{0FBA612E-7558-4303-8798-ACBF92A82BA0}.Debug|Any CPU.ActiveCfg = Debug|Any CPU
		{0FBA612E-7558-4303-8798-ACBF92A82BA0}.Debug|Any CPU.Build.0 = Debug|Any CPU
		{0FBA612E-7558-4303-8798-ACBF92A82BA0}.Debug|iPhone.ActiveCfg = Debug|Any CPU
		{0FBA612E-7558-4303-8798-ACBF92A82BA0}.Debug|iPhone.Build.0 = Debug|Any CPU
		{0FBA612E-7558-4303-8798-ACBF92A82BA0}.Debug|iPhoneSimulator.ActiveCfg = Debug|Any CPU
		{0FBA612E-7558-4303-8798-ACBF92A82BA0}.Debug|iPhoneSimulator.Build.0 = Debug|Any CPU
		{0FBA612E-7558-4303-8798-ACBF92A82BA0}.nuget|Any CPU.ActiveCfg = Release|Any CPU
		{0FBA612E-7558-4303-8798-ACBF92A82BA0}.nuget|Any CPU.Build.0 = Release|Any CPU
		{0FBA612E-7558-4303-8798-ACBF92A82BA0}.nuget|iPhone.ActiveCfg = Release|Any CPU
		{0FBA612E-7558-4303-8798-ACBF92A82BA0}.nuget|iPhone.Build.0 = Release|Any CPU
		{0FBA612E-7558-4303-8798-ACBF92A82BA0}.nuget|iPhoneSimulator.ActiveCfg = Release|Any CPU
		{0FBA612E-7558-4303-8798-ACBF92A82BA0}.nuget|iPhoneSimulator.Build.0 = Release|Any CPU
		{0FBA612E-7558-4303-8798-ACBF92A82BA0}.Release|Any CPU.ActiveCfg = Release|Any CPU
		{0FBA612E-7558-4303-8798-ACBF92A82BA0}.Release|Any CPU.Build.0 = Release|Any CPU
		{0FBA612E-7558-4303-8798-ACBF92A82BA0}.Release|iPhone.ActiveCfg = Release|Any CPU
		{0FBA612E-7558-4303-8798-ACBF92A82BA0}.Release|iPhone.Build.0 = Release|Any CPU
		{0FBA612E-7558-4303-8798-ACBF92A82BA0}.Release|iPhoneSimulator.ActiveCfg = Release|Any CPU
		{0FBA612E-7558-4303-8798-ACBF92A82BA0}.Release|iPhoneSimulator.Build.0 = Release|Any CPU
		{694AB4E4-4444-4AB9-ADFF-C37BAB48072E}.Debug|Any CPU.ActiveCfg = Debug|iPhoneSimulator
		{694AB4E4-4444-4AB9-ADFF-C37BAB48072E}.Debug|Any CPU.Build.0 = Debug|iPhoneSimulator
		{694AB4E4-4444-4AB9-ADFF-C37BAB48072E}.Debug|iPhone.ActiveCfg = Debug|iPhone
		{694AB4E4-4444-4AB9-ADFF-C37BAB48072E}.Debug|iPhone.Build.0 = Debug|iPhone
		{694AB4E4-4444-4AB9-ADFF-C37BAB48072E}.Debug|iPhoneSimulator.ActiveCfg = Debug|iPhoneSimulator
		{694AB4E4-4444-4AB9-ADFF-C37BAB48072E}.Debug|iPhoneSimulator.Build.0 = Debug|iPhoneSimulator
		{694AB4E4-4444-4AB9-ADFF-C37BAB48072E}.nuget|Any CPU.ActiveCfg = Release|iPhoneSimulator
		{694AB4E4-4444-4AB9-ADFF-C37BAB48072E}.nuget|Any CPU.Build.0 = Release|iPhoneSimulator
		{694AB4E4-4444-4AB9-ADFF-C37BAB48072E}.nuget|iPhone.ActiveCfg = Release|iPhone
		{694AB4E4-4444-4AB9-ADFF-C37BAB48072E}.nuget|iPhone.Build.0 = Release|iPhone
		{694AB4E4-4444-4AB9-ADFF-C37BAB48072E}.nuget|iPhoneSimulator.ActiveCfg = Release|iPhoneSimulator
		{694AB4E4-4444-4AB9-ADFF-C37BAB48072E}.nuget|iPhoneSimulator.Build.0 = Release|iPhoneSimulator
		{694AB4E4-4444-4AB9-ADFF-C37BAB48072E}.Release|Any CPU.ActiveCfg = Debug|iPhoneSimulator
		{694AB4E4-4444-4AB9-ADFF-C37BAB48072E}.Release|Any CPU.Build.0 = Debug|iPhoneSimulator
		{694AB4E4-4444-4AB9-ADFF-C37BAB48072E}.Release|iPhone.ActiveCfg = Release|iPhone
		{694AB4E4-4444-4AB9-ADFF-C37BAB48072E}.Release|iPhone.Build.0 = Release|iPhone
		{694AB4E4-4444-4AB9-ADFF-C37BAB48072E}.Release|iPhoneSimulator.ActiveCfg = Release|iPhoneSimulator
		{694AB4E4-4444-4AB9-ADFF-C37BAB48072E}.Release|iPhoneSimulator.Build.0 = Release|iPhoneSimulator
		{FEB016FC-294D-46AF-BF9D-5C1CD0C45B1D}.Debug|Any CPU.ActiveCfg = Debug|Any CPU
		{FEB016FC-294D-46AF-BF9D-5C1CD0C45B1D}.Debug|Any CPU.Build.0 = Debug|Any CPU
		{FEB016FC-294D-46AF-BF9D-5C1CD0C45B1D}.Debug|Any CPU.Deploy.0 = Debug|Any CPU
		{FEB016FC-294D-46AF-BF9D-5C1CD0C45B1D}.Debug|iPhone.ActiveCfg = Debug|Any CPU
		{FEB016FC-294D-46AF-BF9D-5C1CD0C45B1D}.Debug|iPhoneSimulator.ActiveCfg = Debug|Any CPU
		{FEB016FC-294D-46AF-BF9D-5C1CD0C45B1D}.nuget|Any CPU.ActiveCfg = Release|Any CPU
		{FEB016FC-294D-46AF-BF9D-5C1CD0C45B1D}.nuget|Any CPU.Build.0 = Release|Any CPU
		{FEB016FC-294D-46AF-BF9D-5C1CD0C45B1D}.nuget|Any CPU.Deploy.0 = Release|Any CPU
		{FEB016FC-294D-46AF-BF9D-5C1CD0C45B1D}.nuget|iPhone.ActiveCfg = Release|Any CPU
		{FEB016FC-294D-46AF-BF9D-5C1CD0C45B1D}.nuget|iPhone.Build.0 = Release|Any CPU
		{FEB016FC-294D-46AF-BF9D-5C1CD0C45B1D}.nuget|iPhone.Deploy.0 = Release|Any CPU
		{FEB016FC-294D-46AF-BF9D-5C1CD0C45B1D}.nuget|iPhoneSimulator.ActiveCfg = Release|Any CPU
		{FEB016FC-294D-46AF-BF9D-5C1CD0C45B1D}.nuget|iPhoneSimulator.Build.0 = Release|Any CPU
		{FEB016FC-294D-46AF-BF9D-5C1CD0C45B1D}.nuget|iPhoneSimulator.Deploy.0 = Release|Any CPU
		{FEB016FC-294D-46AF-BF9D-5C1CD0C45B1D}.Release|Any CPU.ActiveCfg = Release|Any CPU
		{FEB016FC-294D-46AF-BF9D-5C1CD0C45B1D}.Release|Any CPU.Build.0 = Release|Any CPU
		{FEB016FC-294D-46AF-BF9D-5C1CD0C45B1D}.Release|iPhone.ActiveCfg = Release|Any CPU
		{FEB016FC-294D-46AF-BF9D-5C1CD0C45B1D}.Release|iPhoneSimulator.ActiveCfg = Release|Any CPU
		{4C0EFC2C-BB4B-44A7-8064-AE8A1D4C1FDA}.Debug|Any CPU.ActiveCfg = Debug|Any CPU
		{4C0EFC2C-BB4B-44A7-8064-AE8A1D4C1FDA}.Debug|Any CPU.Build.0 = Debug|Any CPU
		{4C0EFC2C-BB4B-44A7-8064-AE8A1D4C1FDA}.Debug|iPhone.ActiveCfg = Debug|Any CPU
		{4C0EFC2C-BB4B-44A7-8064-AE8A1D4C1FDA}.Debug|iPhone.Build.0 = Debug|Any CPU
		{4C0EFC2C-BB4B-44A7-8064-AE8A1D4C1FDA}.Debug|iPhoneSimulator.ActiveCfg = Debug|Any CPU
		{4C0EFC2C-BB4B-44A7-8064-AE8A1D4C1FDA}.Debug|iPhoneSimulator.Build.0 = Debug|Any CPU
		{4C0EFC2C-BB4B-44A7-8064-AE8A1D4C1FDA}.nuget|Any CPU.ActiveCfg = Debug|Any CPU
		{4C0EFC2C-BB4B-44A7-8064-AE8A1D4C1FDA}.nuget|Any CPU.Build.0 = Debug|Any CPU
		{4C0EFC2C-BB4B-44A7-8064-AE8A1D4C1FDA}.nuget|iPhone.ActiveCfg = Debug|Any CPU
		{4C0EFC2C-BB4B-44A7-8064-AE8A1D4C1FDA}.nuget|iPhone.Build.0 = Debug|Any CPU
		{4C0EFC2C-BB4B-44A7-8064-AE8A1D4C1FDA}.nuget|iPhoneSimulator.ActiveCfg = Debug|Any CPU
		{4C0EFC2C-BB4B-44A7-8064-AE8A1D4C1FDA}.nuget|iPhoneSimulator.Build.0 = Debug|Any CPU
		{4C0EFC2C-BB4B-44A7-8064-AE8A1D4C1FDA}.Release|Any CPU.ActiveCfg = Release|Any CPU
		{4C0EFC2C-BB4B-44A7-8064-AE8A1D4C1FDA}.Release|Any CPU.Build.0 = Release|Any CPU
		{4C0EFC2C-BB4B-44A7-8064-AE8A1D4C1FDA}.Release|iPhone.ActiveCfg = Release|Any CPU
		{4C0EFC2C-BB4B-44A7-8064-AE8A1D4C1FDA}.Release|iPhone.Build.0 = Release|Any CPU
		{4C0EFC2C-BB4B-44A7-8064-AE8A1D4C1FDA}.Release|iPhoneSimulator.ActiveCfg = Release|Any CPU
		{4C0EFC2C-BB4B-44A7-8064-AE8A1D4C1FDA}.Release|iPhoneSimulator.Build.0 = Release|Any CPU
		{BDCEA4E1-84FF-43D2-A757-96A13740E42B}.Debug|Any CPU.ActiveCfg = Debug|Any CPU
		{BDCEA4E1-84FF-43D2-A757-96A13740E42B}.Debug|Any CPU.Build.0 = Debug|Any CPU
		{BDCEA4E1-84FF-43D2-A757-96A13740E42B}.Debug|iPhone.ActiveCfg = Debug|Any CPU
		{BDCEA4E1-84FF-43D2-A757-96A13740E42B}.Debug|iPhone.Build.0 = Debug|Any CPU
		{BDCEA4E1-84FF-43D2-A757-96A13740E42B}.Debug|iPhoneSimulator.ActiveCfg = Debug|Any CPU
		{BDCEA4E1-84FF-43D2-A757-96A13740E42B}.Debug|iPhoneSimulator.Build.0 = Debug|Any CPU
		{BDCEA4E1-84FF-43D2-A757-96A13740E42B}.nuget|Any CPU.ActiveCfg = Debug|Any CPU
		{BDCEA4E1-84FF-43D2-A757-96A13740E42B}.nuget|Any CPU.Build.0 = Debug|Any CPU
		{BDCEA4E1-84FF-43D2-A757-96A13740E42B}.nuget|iPhone.ActiveCfg = Debug|Any CPU
		{BDCEA4E1-84FF-43D2-A757-96A13740E42B}.nuget|iPhone.Build.0 = Debug|Any CPU
		{BDCEA4E1-84FF-43D2-A757-96A13740E42B}.nuget|iPhoneSimulator.ActiveCfg = Debug|Any CPU
		{BDCEA4E1-84FF-43D2-A757-96A13740E42B}.nuget|iPhoneSimulator.Build.0 = Debug|Any CPU
		{BDCEA4E1-84FF-43D2-A757-96A13740E42B}.Release|Any CPU.ActiveCfg = Release|Any CPU
		{BDCEA4E1-84FF-43D2-A757-96A13740E42B}.Release|Any CPU.Build.0 = Release|Any CPU
		{BDCEA4E1-84FF-43D2-A757-96A13740E42B}.Release|iPhone.ActiveCfg = Release|Any CPU
		{BDCEA4E1-84FF-43D2-A757-96A13740E42B}.Release|iPhone.Build.0 = Release|Any CPU
		{BDCEA4E1-84FF-43D2-A757-96A13740E42B}.Release|iPhoneSimulator.ActiveCfg = Release|Any CPU
		{BDCEA4E1-84FF-43D2-A757-96A13740E42B}.Release|iPhoneSimulator.Build.0 = Release|Any CPU
	EndGlobalSection
	GlobalSection(SolutionProperties) = preSolution
		HideSolutionNode = FALSE
	EndGlobalSection
	GlobalSection(NestedProjects) = preSolution
		{A00F6278-A080-4987-8E4C-075B2A9A1B86} = {34782372-17E9-487C-AC2D-3194E90AD5CD}
		{49CE4944-F3EC-4241-9AC2-617F42624CFE} = {34782372-17E9-487C-AC2D-3194E90AD5CD}
		{0FBA612E-7558-4303-8798-ACBF92A82BA0} = {34782372-17E9-487C-AC2D-3194E90AD5CD}
		{694AB4E4-4444-4AB9-ADFF-C37BAB48072E} = {85EBA5F6-C0BD-4757-8F8C-3D268181F5A6}
		{FEB016FC-294D-46AF-BF9D-5C1CD0C45B1D} = {85EBA5F6-C0BD-4757-8F8C-3D268181F5A6}
		{4C0EFC2C-BB4B-44A7-8064-AE8A1D4C1FDA} = {34782372-17E9-487C-AC2D-3194E90AD5CD}
		{BDCEA4E1-84FF-43D2-A757-96A13740E42B} = {85EBA5F6-C0BD-4757-8F8C-3D268181F5A6}
	EndGlobalSection
	GlobalSection(ExtensibilityGlobals) = postSolution
		SolutionGuid = {044CECA8-446D-40FA-A3D1-41C4C9214FC5}
	EndGlobalSection
EndGlobal
