
Microsoft Visual Studio Solution File, Format Version 12.00
# Visual Studio 2012
Project("{2150E333-8FDC-42A3-9474-1A3956D46DE8}") = "Library", "Library", "{34782372-17E9-487C-AC2D-3194E90AD5CD}"
EndProject
Project("{D954291E-2A0B-460D-934E-DC6B0785DB48}") = "FAB.Shared", "Library\FloatingActionButton.Shared\FAB.Shared.shproj", "{A00F6278-A080-4987-8E4C-075B2A9A1B86}"
EndProject
Project("{FAE04EC0-301F-11D3-BF4B-00C04F79EFBC}") = "FAB.Forms", "Library\FloatingActionButton.Forms\FAB.Forms.csproj", "{78B00F76-5FB4-4429-ABF6-42A80A6E967E}"
EndProject
Project("{FAE04EC0-301F-11D3-BF4B-00C04F79EFBC}") = "FAB.Droid", "Library\FloatingActionButton.Droid\FAB.Droid.csproj", "{49CE4944-F3EC-4241-9AC2-617F42624CFE}"
EndProject
Project("{FAE04EC0-301F-11D3-BF4B-00C04F79EFBC}") = "FAB.iOS", "Library\FloatingActionButton.iOS\FAB.iOS.csproj", "{0FBA612E-7558-4303-8798-ACBF92A82BA0}"
EndProject
Project("{2150E333-8FDC-42A3-9474-1A3956D46DE8}") = "Sample", "Sample", "{85EBA5F6-C0BD-4757-8F8C-3D268181F5A6}"
EndProject
Project("{FAE04EC0-301F-11D3-BF4B-00C04F79EFBC}") = "FABSample", "Sample\FABSample\FABSample.csproj", "{8A6D05F8-9D1F-4327-B7A5-4DD290270327}"
EndProject
Project("{FAE04EC0-301F-11D3-BF4B-00C04F79EFBC}") = "FABSample.iOS", "Sample\iOS\FABSample.iOS.csproj", "{694AB4E4-4444-4AB9-ADFF-C37BAB48072E}"
EndProject
Project("{FAE04EC0-301F-11D3-BF4B-00C04F79EFBC}") = "FABSample.Droid", "Sample\Droid\FABSample.Droid.csproj", "{FEB016FC-294D-46AF-BF9D-5C1CD0C45B1D}"
EndProject
Project("{2150E333-8FDC-42A3-9474-1A3956D46DE8}") = ".nuget", ".nuget", "{35E2C1F3-C97D-47E2-8C5A-6D94D9E8F942}"
	ProjectSection(SolutionItems) = preProject
		FloatingActionButton.Forms.nuspec = FloatingActionButton.Forms.nuspec
	EndProjectSection
EndProject
Global
	GlobalSection(SolutionConfigurationPlatforms) = preSolution
		Debug|Any CPU = Debug|Any CPU
		Release|Any CPU = Release|Any CPU
		Debug|iPhoneSimulator = Debug|iPhoneSimulator
		Release|iPhone = Release|iPhone
		Release|iPhoneSimulator = Release|iPhoneSimulator
		Debug|iPhone = Debug|iPhone
	EndGlobalSection
	GlobalSection(ProjectConfigurationPlatforms) = postSolution
		{0FBA612E-7558-4303-8798-ACBF92A82BA0}.Debug|Any CPU.ActiveCfg = Debug|Any CPU
		{0FBA612E-7558-4303-8798-ACBF92A82BA0}.Debug|Any CPU.Build.0 = Debug|Any CPU
		{0FBA612E-7558-4303-8798-ACBF92A82BA0}.Debug|iPhone.ActiveCfg = Debug|Any CPU
		{0FBA612E-7558-4303-8798-ACBF92A82BA0}.Debug|iPhone.Build.0 = Debug|Any CPU
		{0FBA612E-7558-4303-8798-ACBF92A82BA0}.Debug|iPhoneSimulator.ActiveCfg = Debug|Any CPU
		{0FBA612E-7558-4303-8798-ACBF92A82BA0}.Debug|iPhoneSimulator.Build.0 = Debug|Any CPU
		{0FBA612E-7558-4303-8798-ACBF92A82BA0}.Release|Any CPU.ActiveCfg = Release|Any CPU
		{0FBA612E-7558-4303-8798-ACBF92A82BA0}.Release|Any CPU.Build.0 = Release|Any CPU
		{0FBA612E-7558-4303-8798-ACBF92A82BA0}.Release|iPhone.ActiveCfg = Release|Any CPU
		{0FBA612E-7558-4303-8798-ACBF92A82BA0}.Release|iPhone.Build.0 = Release|Any CPU
		{0FBA612E-7558-4303-8798-ACBF92A82BA0}.Release|iPhoneSimulator.ActiveCfg = Release|Any CPU
		{0FBA612E-7558-4303-8798-ACBF92A82BA0}.Release|iPhoneSimulator.Build.0 = Release|Any CPU
		{49CE4944-F3EC-4241-9AC2-617F42624CFE}.Debug|Any CPU.ActiveCfg = Debug|Any CPU
		{49CE4944-F3EC-4241-9AC2-617F42624CFE}.Debug|Any CPU.Build.0 = Debug|Any CPU
		{49CE4944-F3EC-4241-9AC2-617F42624CFE}.Debug|iPhone.ActiveCfg = Debug|Any CPU
		{49CE4944-F3EC-4241-9AC2-617F42624CFE}.Debug|iPhone.Build.0 = Debug|Any CPU
		{49CE4944-F3EC-4241-9AC2-617F42624CFE}.Debug|iPhoneSimulator.ActiveCfg = Debug|Any CPU
		{49CE4944-F3EC-4241-9AC2-617F42624CFE}.Debug|iPhoneSimulator.Build.0 = Debug|Any CPU
		{49CE4944-F3EC-4241-9AC2-617F42624CFE}.Release|Any CPU.ActiveCfg = Release|Any CPU
		{49CE4944-F3EC-4241-9AC2-617F42624CFE}.Release|Any CPU.Build.0 = Release|Any CPU
		{49CE4944-F3EC-4241-9AC2-617F42624CFE}.Release|iPhone.ActiveCfg = Release|Any CPU
		{49CE4944-F3EC-4241-9AC2-617F42624CFE}.Release|iPhone.Build.0 = Release|Any CPU
		{49CE4944-F3EC-4241-9AC2-617F42624CFE}.Release|iPhoneSimulator.ActiveCfg = Release|Any CPU
		{49CE4944-F3EC-4241-9AC2-617F42624CFE}.Release|iPhoneSimulator.Build.0 = Release|Any CPU
		{78B00F76-5FB4-4429-ABF6-42A80A6E967E}.Debug|Any CPU.ActiveCfg = Debug|Any CPU
		{78B00F76-5FB4-4429-ABF6-42A80A6E967E}.Debug|Any CPU.Build.0 = Debug|Any CPU
		{78B00F76-5FB4-4429-ABF6-42A80A6E967E}.Debug|iPhone.ActiveCfg = Debug|Any CPU
		{78B00F76-5FB4-4429-ABF6-42A80A6E967E}.Debug|iPhone.Build.0 = Debug|Any CPU
		{78B00F76-5FB4-4429-ABF6-42A80A6E967E}.Debug|iPhoneSimulator.ActiveCfg = Debug|Any CPU
		{78B00F76-5FB4-4429-ABF6-42A80A6E967E}.Debug|iPhoneSimulator.Build.0 = Debug|Any CPU
		{78B00F76-5FB4-4429-ABF6-42A80A6E967E}.Release|Any CPU.ActiveCfg = Release|Any CPU
		{78B00F76-5FB4-4429-ABF6-42A80A6E967E}.Release|Any CPU.Build.0 = Release|Any CPU
		{78B00F76-5FB4-4429-ABF6-42A80A6E967E}.Release|iPhone.ActiveCfg = Release|Any CPU
		{78B00F76-5FB4-4429-ABF6-42A80A6E967E}.Release|iPhone.Build.0 = Release|Any CPU
		{78B00F76-5FB4-4429-ABF6-42A80A6E967E}.Release|iPhoneSimulator.ActiveCfg = Release|Any CPU
		{78B00F76-5FB4-4429-ABF6-42A80A6E967E}.Release|iPhoneSimulator.Build.0 = Release|Any CPU
		{8A6D05F8-9D1F-4327-B7A5-4DD290270327}.Debug|Any CPU.ActiveCfg = Debug|Any CPU
		{8A6D05F8-9D1F-4327-B7A5-4DD290270327}.Debug|Any CPU.Build.0 = Debug|Any CPU
		{8A6D05F8-9D1F-4327-B7A5-4DD290270327}.Release|Any CPU.ActiveCfg = Release|Any CPU
		{8A6D05F8-9D1F-4327-B7A5-4DD290270327}.Release|Any CPU.Build.0 = Release|Any CPU
		{8A6D05F8-9D1F-4327-B7A5-4DD290270327}.Debug|iPhoneSimulator.ActiveCfg = Debug|Any CPU
		{8A6D05F8-9D1F-4327-B7A5-4DD290270327}.Debug|iPhoneSimulator.Build.0 = Debug|Any CPU
		{8A6D05F8-9D1F-4327-B7A5-4DD290270327}.Release|iPhone.ActiveCfg = Release|Any CPU
		{8A6D05F8-9D1F-4327-B7A5-4DD290270327}.Release|iPhone.Build.0 = Release|Any CPU
		{8A6D05F8-9D1F-4327-B7A5-4DD290270327}.Release|iPhoneSimulator.ActiveCfg = Release|Any CPU
		{8A6D05F8-9D1F-4327-B7A5-4DD290270327}.Release|iPhoneSimulator.Build.0 = Release|Any CPU
		{8A6D05F8-9D1F-4327-B7A5-4DD290270327}.Debug|iPhone.ActiveCfg = Debug|Any CPU
		{8A6D05F8-9D1F-4327-B7A5-4DD290270327}.Debug|iPhone.Build.0 = Debug|Any CPU
		{694AB4E4-4444-4AB9-ADFF-C37BAB48072E}.Debug|Any CPU.ActiveCfg = Debug|iPhoneSimulator
		{694AB4E4-4444-4AB9-ADFF-C37BAB48072E}.Debug|Any CPU.Build.0 = Debug|iPhoneSimulator
		{694AB4E4-4444-4AB9-ADFF-C37BAB48072E}.Release|Any CPU.ActiveCfg = Debug|iPhoneSimulator
		{694AB4E4-4444-4AB9-ADFF-C37BAB48072E}.Release|Any CPU.Build.0 = Debug|iPhoneSimulator
		{694AB4E4-4444-4AB9-ADFF-C37BAB48072E}.Debug|iPhoneSimulator.ActiveCfg = Debug|iPhoneSimulator
		{694AB4E4-4444-4AB9-ADFF-C37BAB48072E}.Debug|iPhoneSimulator.Build.0 = Debug|iPhoneSimulator
		{694AB4E4-4444-4AB9-ADFF-C37BAB48072E}.Release|iPhone.ActiveCfg = Release|iPhone
		{694AB4E4-4444-4AB9-ADFF-C37BAB48072E}.Release|iPhone.Build.0 = Release|iPhone
		{694AB4E4-4444-4AB9-ADFF-C37BAB48072E}.Release|iPhoneSimulator.ActiveCfg = Release|iPhoneSimulator
		{694AB4E4-4444-4AB9-ADFF-C37BAB48072E}.Release|iPhoneSimulator.Build.0 = Release|iPhoneSimulator
		{694AB4E4-4444-4AB9-ADFF-C37BAB48072E}.Debug|iPhone.ActiveCfg = Debug|iPhone
		{694AB4E4-4444-4AB9-ADFF-C37BAB48072E}.Debug|iPhone.Build.0 = Debug|iPhone
		{FEB016FC-294D-46AF-BF9D-5C1CD0C45B1D}.Debug|Any CPU.ActiveCfg = Debug|Any CPU
		{FEB016FC-294D-46AF-BF9D-5C1CD0C45B1D}.Debug|Any CPU.Build.0 = Debug|Any CPU
		{FEB016FC-294D-46AF-BF9D-5C1CD0C45B1D}.Release|Any CPU.ActiveCfg = Release|Any CPU
		{FEB016FC-294D-46AF-BF9D-5C1CD0C45B1D}.Release|Any CPU.Build.0 = Release|Any CPU
		{FEB016FC-294D-46AF-BF9D-5C1CD0C45B1D}.Debug|iPhoneSimulator.ActiveCfg = Debug|Any CPU
		{FEB016FC-294D-46AF-BF9D-5C1CD0C45B1D}.Debug|iPhoneSimulator.Build.0 = Debug|Any CPU
		{FEB016FC-294D-46AF-BF9D-5C1CD0C45B1D}.Release|iPhone.ActiveCfg = Release|Any CPU
		{FEB016FC-294D-46AF-BF9D-5C1CD0C45B1D}.Release|iPhone.Build.0 = Release|Any CPU
		{FEB016FC-294D-46AF-BF9D-5C1CD0C45B1D}.Release|iPhoneSimulator.ActiveCfg = Release|Any CPU
		{FEB016FC-294D-46AF-BF9D-5C1CD0C45B1D}.Release|iPhoneSimulator.Build.0 = Release|Any CPU
		{FEB016FC-294D-46AF-BF9D-5C1CD0C45B1D}.Debug|iPhone.ActiveCfg = Debug|Any CPU
		{FEB016FC-294D-46AF-BF9D-5C1CD0C45B1D}.Debug|iPhone.Build.0 = Debug|Any CPU
	EndGlobalSection
	GlobalSection(NestedProjects) = preSolution
		{A00F6278-A080-4987-8E4C-075B2A9A1B86} = {34782372-17E9-487C-AC2D-3194E90AD5CD}
		{78B00F76-5FB4-4429-ABF6-42A80A6E967E} = {34782372-17E9-487C-AC2D-3194E90AD5CD}
		{49CE4944-F3EC-4241-9AC2-617F42624CFE} = {34782372-17E9-487C-AC2D-3194E90AD5CD}
		{0FBA612E-7558-4303-8798-ACBF92A82BA0} = {34782372-17E9-487C-AC2D-3194E90AD5CD}
		{8A6D05F8-9D1F-4327-B7A5-4DD290270327} = {85EBA5F6-C0BD-4757-8F8C-3D268181F5A6}
		{694AB4E4-4444-4AB9-ADFF-C37BAB48072E} = {85EBA5F6-C0BD-4757-8F8C-3D268181F5A6}
		{FEB016FC-294D-46AF-BF9D-5C1CD0C45B1D} = {85EBA5F6-C0BD-4757-8F8C-3D268181F5A6}
	EndGlobalSection
EndGlobal
